# This file is autogenerated, do not edit; changes may be undone by the next 'dep ensure'.


[[projects]]
  name = "github.com/favclip/genbase"
  packages = ["."]
  revision = "33e3f4f43761221e7ef1f0be35bad3711ae26cbd"
  version = "v1.0.0"

[[projects]]
  branch = "master"
  name = "github.com/golang/lint"
  packages = [".","golint"]
  revision = "6aaf7c34af0f4c36a57e0c429bace4d706d8e931"

[[projects]]
  branch = "master"
  name = "golang.org/x/tools"
  packages = ["cmd/goimports","go/ast/astutil","go/gcexportdata","go/gcimporter15","go/types/typeutil","imports"]
  revision = "04447353bc504b9a5c02eb227b9ecd252e64ea20"

[solve-meta]
  analyzer-name = "dep"
  analyzer-version = 1
  inputs-digest = "4849277d93f159f6e6d1d54f2a10fd12335a0ee2e624b729679b3d2db6bd27f5"
  solver-name = "gps-cdcl"
  solver-version = 1
