# This file is autogenerated, do not edit; changes may be undone by the next 'dep ensure'.


[[projects]]
  digest = "1:13b41b076f2eccfb9c237f683d226ecf66ddcf663e6172c83d8f61317e672bfc"
  name = "github.com/favclip/genbase"
  packages = ["."]
  pruneopts = ""
  revision = "33e3f4f43761221e7ef1f0be35bad3711ae26cbd"
  version = "v1.0.0"

[[projects]]
  branch = "master"
  digest = "1:752f0f77243292dadb5bc9f94ecd04e41358b087af4e140a40b3bc54484f691a"
  name = "github.com/golang/lint"
  packages = ["golint"]
  pruneopts = ""
  revision = "06c8688daad7faa9da5a0c2f163a3d14aac986ca"

[[projects]]
  branch = "master"
  digest = "1:752f0f77243292dadb5bc9f94ecd04e41358b087af4e140a40b3bc54484f691a"
  name = "golang.org/x/lint"
  packages = ["."]
  pruneopts = ""
  revision = "06c8688daad7faa9da5a0c2f163a3d14aac986ca"

[[projects]]
  branch = "master"
  digest = "1:bb369920f89103d0e82f2bed2cef77030499aff8ad925e9cf05628c46a830404"
  name = "golang.org/x/tools"
  packages = [
    "cmd/goimports",
    "go/ast/astutil",
    "go/gcexportdata",
    "go/internal/gcimporter",
    "go/types/typeutil",
    "imports",
    "internal/fastwalk",
  ]
  pruneopts = ""
  revision = "ded554d0681e0cba3cf074977cdc12e2c0906fe6"

[solve-meta]
  analyzer-name = "dep"
  analyzer-version = 1
  input-imports = [
    "github.com/favclip/genbase",
    "github.com/golang/lint/golint",
    "golang.org/x/tools/cmd/goimports",
  ]
  solver-name = "gps-cdcl"
  solver-version = 1
